
Microsoft Visual Studio Solution File, Format Version 12.00
# Visual Studio Version 17
VisualStudioVersion = 17.11.35118.90
MinimumVisualStudioVersion = 10.0.40219.1
Project("{FAE04EC0-301F-11D3-BF4B-00C04F79EFBC}") = "Order.Infrastructure", "Order.Infrastructure\Order.Infrastructure.csproj", "{731381EF-549F-4CA4-8D72-E417AFCE0D50}"
EndProject
Project("{FAE04EC0-301F-11D3-BF4B-00C04F79EFBC}") = "Order.Domain", "Order.Domain\Order.Domain.csproj", "{66EE69B5-2358-4080-ADCB-DB6C243B8AFF}"
EndProject
Project("{FAE04EC0-301F-11D3-BF4B-00C04F79EFBC}") = "Order.Application", "Order.Application\Order.Application.csproj", "{DFBD3CD0-2FCE-485F-9302-203424B96F80}"
EndProject
Project("{FAE04EC0-301F-11D3-BF4B-00C04F79EFBC}") = "Order.API", "Order.API\Order.API.csproj", "{B27E882F-BEF1-4D2F-B035-67BBC8228012}"
EndProject
Global
	GlobalSection(SolutionConfigurationPlatforms) = preSolution
		Debug|Any CPU = Debug|Any CPU
		Release|Any CPU = Release|Any CPU
	EndGlobalSection
	GlobalSection(ProjectConfigurationPlatforms) = postSolution
		{731381EF-549F-4CA4-8D72-E417AFCE0D50}.Debug|Any CPU.ActiveCfg = Debug|Any CPU
		{731381EF-549F-4CA4-8D72-E417AFCE0D50}.Debug|Any CPU.Build.0 = Debug|Any CPU
		{731381EF-549F-4CA4-8D72-E417AFCE0D50}.Release|Any CPU.ActiveCfg = Release|Any CPU
		{731381EF-549F-4CA4-8D72-E417AFCE0D50}.Release|Any CPU.Build.0 = Release|Any CPU
		{66EE69B5-2358-4080-ADCB-DB6C243B8AFF}.Debug|Any CPU.ActiveCfg = Debug|Any CPU
		{66EE69B5-2358-4080-ADCB-DB6C243B8AFF}.Debug|Any CPU.Build.0 = Debug|Any CPU
		{66EE69B5-2358-4080-ADCB-DB6C243B8AFF}.Release|Any CPU.ActiveCfg = Release|Any CPU
		{66EE69B5-2358-4080-ADCB-DB6C243B8AFF}.Release|Any CPU.Build.0 = Release|Any CPU
		{DFBD3CD0-2FCE-485F-9302-203424B96F80}.Debug|Any CPU.ActiveCfg = Debug|Any CPU
		{DFBD3CD0-2FCE-485F-9302-203424B96F80}.Debug|Any CPU.Build.0 = Debug|Any CPU
		{DFBD3CD0-2FCE-485F-9302-203424B96F80}.Release|Any CPU.ActiveCfg = Release|Any CPU
		{DFBD3CD0-2FCE-485F-9302-203424B96F80}.Release|Any CPU.Build.0 = Release|Any CPU
		{B27E882F-BEF1-4D2F-B035-67BBC8228012}.Debug|Any CPU.ActiveCfg = Debug|Any CPU
		{B27E882F-BEF1-4D2F-B035-67BBC8228012}.Debug|Any CPU.Build.0 = Debug|Any CPU
		{B27E882F-BEF1-4D2F-B035-67BBC8228012}.Release|Any CPU.ActiveCfg = Release|Any CPU
		{B27E882F-BEF1-4D2F-B035-67BBC8228012}.Release|Any CPU.Build.0 = Release|Any CPU
	EndGlobalSection
	GlobalSection(SolutionProperties) = preSolution
		HideSolutionNode = FALSE
	EndGlobalSection
	GlobalSection(ExtensibilityGlobals) = postSolution
		SolutionGuid = {55A6CF26-452B-4A00-86E4-7666E7F48E10}
	EndGlobalSection
EndGlobal
